
Microsoft Visual Studio Solution File, Format Version 12.00
# Visual Studio 15
Project("{FAE04EC0-301F-11D3-BF4B-00C04F79EFBC}") = "AstarPathfindingProject", "AstarPathfindingProject.csproj", "{0F0CF5FF-6950-BC71-E675-36DFBE35FFDC}"
EndProject
Project("{FAE04EC0-301F-11D3-BF4B-00C04F79EFBC}") = "Assembly-CSharp", "Assembly-CSharp.csproj", "{E99A98AB-6AEF-4890-689C-D9908B62D225}"
EndProject
Project("{FAE04EC0-301F-11D3-BF4B-00C04F79EFBC}") = "AstarPathfindingProjectEditor", "AstarPathfindingProjectEditor.csproj", "{3640011A-FD74-1956-9CAF-D47747E091C7}"
EndProject
Project("{FAE04EC0-301F-11D3-BF4B-00C04F79EFBC}") = "PackageToolsEditor", "PackageToolsEditor.csproj", "{357C68BF-D884-2857-D8BC-D4E617710FDD}"
EndProject
Global
	GlobalSection(SolutionConfigurationPlatforms) = preSolution
		Debug|Any CPU = Debug|Any CPU
		Release|Any CPU = Release|Any CPU
	EndGlobalSection
	GlobalSection(ProjectConfigurationPlatforms) = postSolution
		{0F0CF5FF-6950-BC71-E675-36DFBE35FFDC}.Debug|Any CPU.ActiveCfg = Debug|Any CPU
		{0F0CF5FF-6950-BC71-E675-36DFBE35FFDC}.Debug|Any CPU.Build.0 = Debug|Any CPU
		{0F0CF5FF-6950-BC71-E675-36DFBE35FFDC}.Release|Any CPU.ActiveCfg = Release|Any CPU
		{0F0CF5FF-6950-BC71-E675-36DFBE35FFDC}.Release|Any CPU.Build.0 = Release|Any CPU
		{E99A98AB-6AEF-4890-689C-D9908B62D225}.Debug|Any CPU.ActiveCfg = Debug|Any CPU
		{E99A98AB-6AEF-4890-689C-D9908B62D225}.Debug|Any CPU.Build.0 = Debug|Any CPU
		{E99A98AB-6AEF-4890-689C-D9908B62D225}.Release|Any CPU.ActiveCfg = Release|Any CPU
		{E99A98AB-6AEF-4890-689C-D9908B62D225}.Release|Any CPU.Build.0 = Release|Any CPU
		{3640011A-FD74-1956-9CAF-D47747E091C7}.Debug|Any CPU.ActiveCfg = Debug|Any CPU
		{3640011A-FD74-1956-9CAF-D47747E091C7}.Debug|Any CPU.Build.0 = Debug|Any CPU
		{3640011A-FD74-1956-9CAF-D47747E091C7}.Release|Any CPU.ActiveCfg = Release|Any CPU
		{3640011A-FD74-1956-9CAF-D47747E091C7}.Release|Any CPU.Build.0 = Release|Any CPU
		{357C68BF-D884-2857-D8BC-D4E617710FDD}.Debug|Any CPU.ActiveCfg = Debug|Any CPU
		{357C68BF-D884-2857-D8BC-D4E617710FDD}.Debug|Any CPU.Build.0 = Debug|Any CPU
		{357C68BF-D884-2857-D8BC-D4E617710FDD}.Release|Any CPU.ActiveCfg = Release|Any CPU
		{357C68BF-D884-2857-D8BC-D4E617710FDD}.Release|Any CPU.Build.0 = Release|Any CPU
	EndGlobalSection
	GlobalSection(SolutionProperties) = preSolution
		HideSolutionNode = FALSE
	EndGlobalSection
EndGlobal
